// !$*UTF8*$!
{
	archiveVersion = 1;
	classes = {
	};
	objectVersion = 50;
	objects = {

/* Begin PBXBuildFile section */
		E122CE9D233A09F3008C3F4B /* AppDelegate.swift in Sources */ = {isa = PBXBuildFile; fileRef = E122CE9C233A09F3008C3F4B /* AppDelegate.swift */; };
		E122CEA2233A09F3008C3F4B /* Main.storyboard in Resources */ = {isa = PBXBuildFile; fileRef = E122CEA0233A09F3008C3F4B /* Main.storyboard */; };
		E122CEA4233A09F6008C3F4B /* Assets.xcassets in Resources */ = {isa = PBXBuildFile; fileRef = E122CEA3233A09F6008C3F4B /* Assets.xcassets */; };
		E122CEA7233A09F6008C3F4B /* LaunchScreen.storyboard in Resources */ = {isa = PBXBuildFile; fileRef = E122CEA5233A09F6008C3F4B /* LaunchScreen.storyboard */; };
		E122CEB1233A0AF5008C3F4B /* CellConfigurator.swift in Sources */ = {isa = PBXBuildFile; fileRef = E122CEB0233A0AF5008C3F4B /* CellConfigurator.swift */; };
		E122CEB3233A0B19008C3F4B /* Data.swift in Sources */ = {isa = PBXBuildFile; fileRef = E122CEB2233A0B19008C3F4B /* Data.swift */; };
		E122CEB5233A0B5A008C3F4B /* TableCell.swift in Sources */ = {isa = PBXBuildFile; fileRef = E122CEB4233A0B5A008C3F4B /* TableCell.swift */; };
		E122CEB7233A0BC2008C3F4B /* TableViewController.swift in Sources */ = {isa = PBXBuildFile; fileRef = E122CEB6233A0BC2008C3F4B /* TableViewController.swift */; };
		E122CEB9233A0BFC008C3F4B /* TableViewModel.swift in Sources */ = {isa = PBXBuildFile; fileRef = E122CEB8233A0BFC008C3F4B /* TableViewModel.swift */; };
		E122CEBC233A0C56008C3F4B /* beach@2x.jpg in Resources */ = {isa = PBXBuildFile; fileRef = E122CEBB233A0C56008C3F4B /* beach@2x.jpg */; };
/* End PBXBuildFile section */

/* Begin PBXFileReference section */
		E122CE99233A09F3008C3F4B /* testCellFactory.app */ = {isa = PBXFileReference; explicitFileType = wrapper.application; includeInIndex = 0; path = testCellFactory.app; sourceTree = BUILT_PRODUCTS_DIR; };
		E122CE9C233A09F3008C3F4B /* AppDelegate.swift */ = {isa = PBXFileReference; lastKnownFileType = sourcecode.swift; path = AppDelegate.swift; sourceTree = "<group>"; };
		E122CEA1233A09F3008C3F4B /* Base */ = {isa = PBXFileReference; lastKnownFileType = file.storyboard; name = Base; path = Base.lproj/Main.storyboard; sourceTree = "<group>"; };
		E122CEA3233A09F6008C3F4B /* Assets.xcassets */ = {isa = PBXFileReference; lastKnownFileType = folder.assetcatalog; path = Assets.xcassets; sourceTree = "<group>"; };
		E122CEA6233A09F6008C3F4B /* Base */ = {isa = PBXFileReference; lastKnownFileType = file.storyboard; name = Base; path = Base.lproj/LaunchScreen.storyboard; sourceTree = "<group>"; };
		E122CEA8233A09F6008C3F4B /* Info.plist */ = {isa = PBXFileReference; lastKnownFileType = text.plist.xml; path = Info.plist; sourceTree = "<group>"; };
		E122CEB0233A0AF5008C3F4B /* CellConfigurator.swift */ = {isa = PBXFileReference; lastKnownFileType = sourcecode.swift; path = CellConfigurator.swift; sourceTree = "<group>"; };
		E122CEB2233A0B19008C3F4B /* Data.swift */ = {isa = PBXFileReference; lastKnownFileType = sourcecode.swift; path = Data.swift; sourceTree = "<group>"; };
		E122CEB4233A0B5A008C3F4B /* TableCell.swift */ = {isa = PBXFileReference; lastKnownFileType = sourcecode.swift; path = TableCell.swift; sourceTree = "<group>"; };
		E122CEB6233A0BC2008C3F4B /* TableViewController.swift */ = {isa = PBXFileReference; lastKnownFileType = sourcecode.swift; path = TableViewController.swift; sourceTree = "<group>"; };
		E122CEB8233A0BFC008C3F4B /* TableViewModel.swift */ = {isa = PBXFileReference; lastKnownFileType = sourcecode.swift; path = TableViewModel.swift; sourceTree = "<group>"; };
		E122CEBB233A0C56008C3F4B /* beach@2x.jpg */ = {isa = PBXFileReference; lastKnownFileType = image.jpeg; path = "beach@2x.jpg"; sourceTree = "<group>"; };
/* End PBXFileReference section */

/* Begin PBXFrameworksBuildPhase section */
		E122CE96233A09F3008C3F4B /* Frameworks */ = {
			isa = PBXFrameworksBuildPhase;
			buildActionMask = 2147483647;
			files = (
			);
			runOnlyForDeploymentPostprocessing = 0;
		};
/* End PBXFrameworksBuildPhase section */

/* Begin PBXGroup section */
		E122CE90233A09F3008C3F4B = {
			isa = PBXGroup;
			children = (
				E122CE9B233A09F3008C3F4B /* testCellFactory */,
				E122CE9A233A09F3008C3F4B /* Products */,
			);
			sourceTree = "<group>";
		};
		E122CE9A233A09F3008C3F4B /* Products */ = {
			isa = PBXGroup;
			children = (
				E122CE99233A09F3008C3F4B /* testCellFactory.app */,
			);
			name = Products;
			sourceTree = "<group>";
		};
		E122CE9B233A09F3008C3F4B /* testCellFactory */ = {
			isa = PBXGroup;
			children = (
				E122CEBF233A0D2D008C3F4B /* TableView */,
				E122CEBD233A0D0A008C3F4B /* Data */,
				E122CEBA233A0C48008C3F4B /* Resources */,
				E122CE9C233A09F3008C3F4B /* AppDelegate.swift */,
				E122CEA0233A09F3008C3F4B /* Main.storyboard */,
				E122CEA5233A09F6008C3F4B /* LaunchScreen.storyboard */,
				E122CEA8233A09F6008C3F4B /* Info.plist */,
			);
			path = testCellFactory;
			sourceTree = "<group>";
		};
		E122CEBA233A0C48008C3F4B /* Resources */ = {
			isa = PBXGroup;
			children = (
				E122CEA3233A09F6008C3F4B /* Assets.xcassets */,
				E122CEBB233A0C56008C3F4B /* beach@2x.jpg */,
			);
			path = Resources;
			sourceTree = "<group>";
		};
		E122CEBD233A0D0A008C3F4B /* Data */ = {
			isa = PBXGroup;
			children = (
				E122CEB2233A0B19008C3F4B /* Data.swift */,
			);
			path = Data;
			sourceTree = "<group>";
		};
		E122CEBE233A0D13008C3F4B /* CellConfigurator */ = {
			isa = PBXGroup;
			children = (
				E122CEB0233A0AF5008C3F4B /* CellConfigurator.swift */,
			);
			path = CellConfigurator;
			sourceTree = "<group>";
		};
		E122CEBF233A0D2D008C3F4B /* TableView */ = {
			isa = PBXGroup;
			children = (
				E122CEB6233A0BC2008C3F4B /* TableViewController.swift */,
				E122CEC1233A0D6F008C3F4B /* ViewModel */,
				E122CEBE233A0D13008C3F4B /* CellConfigurator */,
				E122CEC0233A0D37008C3F4B /* Cells */,
			);
			path = TableView;
			sourceTree = "<group>";
		};
		E122CEC0233A0D37008C3F4B /* Cells */ = {
			isa = PBXGroup;
			children = (
				E122CEB4233A0B5A008C3F4B /* TableCell.swift */,
			);
			path = Cells;
			sourceTree = "<group>";
		};
		E122CEC1233A0D6F008C3F4B /* ViewModel */ = {
			isa = PBXGroup;
			children = (
				E122CEB8233A0BFC008C3F4B /* TableViewModel.swift */,
			);
			path = ViewModel;
			sourceTree = "<group>";
		};
/* End PBXGroup section */

/* Begin PBXNativeTarget section */
		E122CE98233A09F3008C3F4B /* testCellFactory */ = {
			isa = PBXNativeTarget;
			buildConfigurationList = E122CEAB233A09F6008C3F4B /* Build configuration list for PBXNativeTarget "testCellFactory" */;
			buildPhases = (
				E122CE95233A09F3008C3F4B /* Sources */,
				E122CE96233A09F3008C3F4B /* Frameworks */,
				E122CE97233A09F3008C3F4B /* Resources */,
			);
			buildRules = (
			);
			dependencies = (
			);
			name = testCellFactory;
			productName = testCellFactory;
			productReference = E122CE99233A09F3008C3F4B /* testCellFactory.app */;
			productType = "com.apple.product-type.application";
		};
/* End PBXNativeTarget section */

/* Begin PBXProject section */
		E122CE91233A09F3008C3F4B /* Project object */ = {
			isa = PBXProject;
			attributes = {
				LastSwiftUpdateCheck = 1030;
				LastUpgradeCheck = 1030;
				ORGANIZATIONNAME = MMM;
				TargetAttributes = {
					E122CE98233A09F3008C3F4B = {
						CreatedOnToolsVersion = 10.3;
					};
				};
			};
			buildConfigurationList = E122CE94233A09F3008C3F4B /* Build configuration list for PBXProject "testCellFactory" */;
			compatibilityVersion = "Xcode 9.3";
			developmentRegion = en;
			hasScannedForEncodings = 0;
			knownRegions = (
				en,
				Base,
			);
			mainGroup = E122CE90233A09F3008C3F4B;
			productRefGroup = E122CE9A233A09F3008C3F4B /* Products */;
			projectDirPath = "";
			projectRoot = "";
			targets = (
				E122CE98233A09F3008C3F4B /* testCellFactory */,
			);
		};
/* End PBXProject section */

/* Begin PBXResourcesBuildPhase section */
		E122CE97233A09F3008C3F4B /* Resources */ = {
			isa = PBXResourcesBuildPhase;
			buildActionMask = 2147483647;
			files = (
				E122CEBC233A0C56008C3F4B /* beach@2x.jpg in Resources */,
				E122CEA7233A09F6008C3F4B /* LaunchScreen.storyboard in Resources */,
				E122CEA4233A09F6008C3F4B /* Assets.xcassets in Resources */,
				E122CEA2233A09F3008C3F4B /* Main.storyboard in Resources */,
			);
			runOnlyForDeploymentPostprocessing = 0;
		};
/* End PBXResourcesBuildPhase section */

/* Begin PBXSourcesBuildPhase section */
		E122CE95233A09F3008C3F4B /* Sources */ = {
			isa = PBXSourcesBuildPhase;
			buildActionMask = 2147483647;
			files = (
				E122CEB5233A0B5A008C3F4B /* TableCell.swift in Sources */,
				E122CEB1233A0AF5008C3F4B /* CellConfigurator.swift in Sources */,
				E122CE9D233A09F3008C3F4B /* AppDelegate.swift in Sources */,
				E122CEB9233A0BFC008C3F4B /* TableViewModel.swift in Sources */,
				E122CEB7233A0BC2008C3F4B /* TableViewController.swift in Sources */,
				E122CEB3233A0B19008C3F4B /* Data.swift in Sources */,
			);
			runOnlyForDeploymentPostprocessing = 0;
		};
/* End PBXSourcesBuildPhase section */

/* Begin PBXVariantGroup section */
		E122CEA0233A09F3008C3F4B /* Main.storyboard */ = {
			isa = PBXVariantGroup;
			children = (
				E122CEA1233A09F3008C3F4B /* Base */,
			);
			name = Main.storyboard;
			sourceTree = "<group>";
		};
		E122CEA5233A09F6008C3F4B /* LaunchScreen.storyboard */ = {
			isa = PBXVariantGroup;
			children = (
				E122CEA6233A09F6008C3F4B /* Base */,
			);
			name = LaunchScreen.storyboard;
			sourceTree = "<group>";
		};
/* End PBXVariantGroup section */

/* Begin XCBuildConfiguration section */
		E122CEA9233A09F6008C3F4B /* Debug */ = {
			isa = XCBuildConfiguration;
			buildSettings = {
				ALWAYS_SEARCH_USER_PATHS = NO;
				CLANG_ANALYZER_NONNULL = YES;
				CLANG_ANALYZER_NUMBER_OBJECT_CONVERSION = YES_AGGRESSIVE;
				CLANG_CXX_LANGUAGE_STANDARD = "gnu++14";
				CLANG_CXX_LIBRARY = "libc++";
				CLANG_ENABLE_MODULES = YES;
				CLANG_ENABLE_OBJC_ARC = YES;
				CLANG_ENABLE_OBJC_WEAK = YES;
				CLANG_WARN_BLOCK_CAPTURE_AUTORELEASING = YES;
				CLANG_WARN_BOOL_CONVERSION = YES;
				CLANG_WARN_COMMA = YES;
				CLANG_WARN_CONSTANT_CONVERSION = YES;
				CLANG_WARN_DEPRECATED_OBJC_IMPLEMENTATIONS = YES;
				CLANG_WARN_DIRECT_OBJC_ISA_USAGE = YES_ERROR;
				CLANG_WARN_DOCUMENTATION_COMMENTS = YES;
				CLANG_WARN_EMPTY_BODY = YES;
				CLANG_WARN_ENUM_CONVERSION = YES;
				CLANG_WARN_INFINITE_RECURSION = YES;
				CLANG_WARN_INT_CONVERSION = YES;
				CLANG_WARN_NON_LITERAL_NULL_CONVERSION = YES;
				CLANG_WARN_OBJC_IMPLICIT_RETAIN_SELF = YES;
				CLANG_WARN_OBJC_LITERAL_CONVERSION = YES;
				CLANG_WARN_OBJC_ROOT_CLASS = YES_ERROR;
				CLANG_WARN_RANGE_LOOP_ANALYSIS = YES;
				CLANG_WARN_STRICT_PROTOTYPES = YES;
				CLANG_WARN_SUSPICIOUS_MOVE = YES;
				CLANG_WARN_UNGUARDED_AVAILABILITY = YES_AGGRESSIVE;
				CLANG_WARN_UNREACHABLE_CODE = YES;
				CLANG_WARN__DUPLICATE_METHOD_MATCH = YES;
				CODE_SIGN_IDENTITY = "iPhone Developer";
				COPY_PHASE_STRIP = NO;
				DEBUG_INFORMATION_FORMAT = dwarf;
				ENABLE_STRICT_OBJC_MSGSEND = YES;
				ENABLE_TESTABILITY = YES;
				GCC_C_LANGUAGE_STANDARD = gnu11;
				GCC_DYNAMIC_NO_PIC = NO;
				GCC_NO_COMMON_BLOCKS = YES;
				GCC_OPTIMIZATION_LEVEL = 0;
				GCC_PREPROCESSOR_DEFINITIONS = (
					"DEBUG=1",
					"$(inherited)",
				);
				GCC_WARN_64_TO_32_BIT_CONVERSION = YES;
				GCC_WARN_ABOUT_RETURN_TYPE = YES_ERROR;
				GCC_WARN_UNDECLARED_SELECTOR = YES;
				GCC_WARN_UNINITIALIZED_AUTOS = YES_AGGRESSIVE;
				GCC_WARN_UNUSED_FUNCTION = YES;
				GCC_WARN_UNUSED_VARIABLE = YES;
				IPHONEOS_DEPLOYMENT_TARGET = 12.4;
				MTL_ENABLE_DEBUG_INFO = INCLUDE_SOURCE;
				MTL_FAST_MATH = YES;
				ONLY_ACTIVE_ARCH = YES;
				SDKROOT = iphoneos;
				SWIFT_ACTIVE_COMPILATION_CONDITIONS = DEBUG;
				SWIFT_OPTIMIZATION_LEVEL = "-Onone";
			};
			name = Debug;
		};
		E122CEAA233A09F6008C3F4B /* Release */ = {
			isa = XCBuildConfiguration;
			buildSettings = {
				ALWAYS_SEARCH_USER_PATHS = NO;
				CLANG_ANALYZER_NONNULL = YES;
				CLANG_ANALYZER_NUMBER_OBJECT_CONVERSION = YES_AGGRESSIVE;
				CLANG_CXX_LANGUAGE_STANDARD = "gnu++14";
				CLANG_CXX_LIBRARY = "libc++";
				CLANG_ENABLE_MODULES = YES;
				CLANG_ENABLE_OBJC_ARC = YES;
				CLANG_ENABLE_OBJC_WEAK = YES;
				CLANG_WARN_BLOCK_CAPTURE_AUTORELEASING = YES;
				CLANG_WARN_BOOL_CONVERSION = YES;
				CLANG_WARN_COMMA = YES;
				CLANG_WARN_CONSTANT_CONVERSION = YES;
				CLANG_WARN_DEPRECATED_OBJC_IMPLEMENTATIONS = YES;
				CLANG_WARN_DIRECT_OBJC_ISA_USAGE = YES_ERROR;
				CLANG_WARN_DOCUMENTATION_COMMENTS = YES;
				CLANG_WARN_EMPTY_BODY = YES;
				CLANG_WARN_ENUM_CONVERSION = YES;
				CLANG_WARN_INFINITE_RECURSION = YES;
				CLANG_WARN_INT_CONVERSION = YES;
				CLANG_WARN_NON_LITERAL_NULL_CONVERSION = YES;
				CLANG_WARN_OBJC_IMPLICIT_RETAIN_SELF = YES;
				CLANG_WARN_OBJC_LITERAL_CONVERSION = YES;
				CLANG_WARN_OBJC_ROOT_CLASS = YES_ERROR;
				CLANG_WARN_RANGE_LOOP_ANALYSIS = YES;
				CLANG_WARN_STRICT_PROTOTYPES = YES;
				CLANG_WARN_SUSPICIOUS_MOVE = YES;
				CLANG_WARN_UNGUARDED_AVAILABILITY = YES_AGGRESSIVE;
				CLANG_WARN_UNREACHABLE_CODE = YES;
				CLANG_WARN__DUPLICATE_METHOD_MATCH = YES;
				CODE_SIGN_IDENTITY = "iPhone Developer";
				COPY_PHASE_STRIP = NO;
				DEBUG_INFORMATION_FORMAT = "dwarf-with-dsym";
				ENABLE_NS_ASSERTIONS = NO;
				ENABLE_STRICT_OBJC_MSGSEND = YES;
				GCC_C_LANGUAGE_STANDARD = gnu11;
				GCC_NO_COMMON_BLOCKS = YES;
				GCC_WARN_64_TO_32_BIT_CONVERSION = YES;
				GCC_WARN_ABOUT_RETURN_TYPE = YES_ERROR;
				GCC_WARN_UNDECLARED_SELECTOR = YES;
				GCC_WARN_UNINITIALIZED_AUTOS = YES_AGGRESSIVE;
				GCC_WARN_UNUSED_FUNCTION = YES;
				GCC_WARN_UNUSED_VARIABLE = YES;
				IPHONEOS_DEPLOYMENT_TARGET = 12.4;
				MTL_ENABLE_DEBUG_INFO = NO;
				MTL_FAST_MATH = YES;
				SDKROOT = iphoneos;
				SWIFT_COMPILATION_MODE = wholemodule;
				SWIFT_OPTIMIZATION_LEVEL = "-O";
				VALIDATE_PRODUCT = YES;
			};
			name = Release;
		};
		E122CEAC233A09F6008C3F4B /* Debug */ = {
			isa = XCBuildConfiguration;
			buildSettings = {
				ASSETCATALOG_COMPILER_APPICON_NAME = AppIcon;
				CODE_SIGN_STYLE = Automatic;
				DEVELOPMENT_TEAM = XBW4F9AQY3;
				INFOPLIST_FILE = testCellFactory/Info.plist;
				LD_RUNPATH_SEARCH_PATHS = (
					"$(inherited)",
					"@executable_path/Frameworks",
				);
				PRODUCT_BUNDLE_IDENTIFIER = Agregator.testCellFactory;
				PRODUCT_NAME = "$(TARGET_NAME)";
				SWIFT_VERSION = 5.0;
				TARGETED_DEVICE_FAMILY = "1,2";
			};
			name = Debug;
		};
		E122CEAD233A09F6008C3F4B /* Release */ = {
			isa = XCBuildConfiguration;
			buildSettings = {
				ASSETCATALOG_COMPILER_APPICON_NAME = AppIcon;
				CODE_SIGN_STYLE = Automatic;
				DEVELOPMENT_TEAM = XBW4F9AQY3;
				INFOPLIST_FILE = testCellFactory/Info.plist;
				LD_RUNPATH_SEARCH_PATHS = (
					"$(inherited)",
					"@executable_path/Frameworks",
				);
				PRODUCT_BUNDLE_IDENTIFIER = Agregator.testCellFactory;
				PRODUCT_NAME = "$(TARGET_NAME)";
				SWIFT_VERSION = 5.0;
				TARGETED_DEVICE_FAMILY = "1,2";
			};
			name = Release;
		};
/* End XCBuildConfiguration section */

/* Begin XCConfigurationList section */
		E122CE94233A09F3008C3F4B /* Build configuration list for PBXProject "testCellFactory" */ = {
			isa = XCConfigurationList;
			buildConfigurations = (
				E122CEA9233A09F6008C3F4B /* Debug */,
				E122CEAA233A09F6008C3F4B /* Release */,
			);
			defaultConfigurationIsVisible = 0;
			defaultConfigurationName = Release;
		};
		E122CEAB233A09F6008C3F4B /* Build configuration list for PBXNativeTarget "testCellFactory" */ = {
			isa = XCConfigurationList;
			buildConfigurations = (
				E122CEAC233A09F6008C3F4B /* Debug */,
				E122CEAD233A09F6008C3F4B /* Release */,
			);
			defaultConfigurationIsVisible = 0;
			defaultConfigurationName = Release;
		};
/* End XCConfigurationList section */
	};
	rootObject = E122CE91233A09F3008C3F4B /* Project object */;
}
